
Microsoft Visual Studio Solution File, Format Version 12.00
# Visual Studio 15
VisualStudioVersion = 15.0.26228.4
MinimumVisualStudioVersion = 10.0.40219.1
Project("{E53339B2-1760-4266-BCC7-CA923CBCF16C}") = "docker-compose", "docker-compose.dcproj", "{068E1E58-43FD-4A8A-A862-5C0EEFE4FB5F}"
EndProject
Project("{9A19103F-16F7-4668-BE54-9A1E7A4F7556}") = "BaoCMS.Framework", "BaoCMS.Framework\BaoCMS.Framework.csproj", "{B7AE5C08-AD6C-410C-A1E3-17D8A9638129}"
EndProject
Project("{FAE04EC0-301F-11D3-BF4B-00C04F79EFBC}") = "BaoCMS.Domain", "BaoCMS.Domain\BaoCMS.Domain.csproj", "{D91D75AD-0EE0-42FE-A4D7-9130BD43998C}"
EndProject
Project("{FAE04EC0-301F-11D3-BF4B-00C04F79EFBC}") = "BaoCMS.Data", "BaoCMS.Data\BaoCMS.Data.csproj", "{D9D33DC4-91F1-46CC-9214-691D64993F24}"
EndProject
Project("{9A19103F-16F7-4668-BE54-9A1E7A4F7556}") = "BaoCMS.Reporting", "BaoCMS.Reporting\BaoCMS.Reporting.csproj", "{E330E0DF-9A9D-42C5-8218-57DE3FEAEEA4}"
EndProject
Project("{9A19103F-16F7-4668-BE54-9A1E7A4F7556}") = "BaoCMS.Web", "BaoCMS.Web\BaoCMS.Web.csproj", "{0724A699-51E2-48A8-9AB2-8FECBFEC5FDE}"
EndProject
Global
	GlobalSection(SolutionConfigurationPlatforms) = preSolution
		Debug|Any CPU = Debug|Any CPU
		Release|Any CPU = Release|Any CPU
	EndGlobalSection
	GlobalSection(ProjectConfigurationPlatforms) = postSolution
		{068E1E58-43FD-4A8A-A862-5C0EEFE4FB5F}.Debug|Any CPU.ActiveCfg = Debug|Any CPU
		{068E1E58-43FD-4A8A-A862-5C0EEFE4FB5F}.Debug|Any CPU.Build.0 = Debug|Any CPU
		{068E1E58-43FD-4A8A-A862-5C0EEFE4FB5F}.Release|Any CPU.ActiveCfg = Release|Any CPU
		{068E1E58-43FD-4A8A-A862-5C0EEFE4FB5F}.Release|Any CPU.Build.0 = Release|Any CPU
		{B7AE5C08-AD6C-410C-A1E3-17D8A9638129}.Debug|Any CPU.ActiveCfg = Debug|Any CPU
		{B7AE5C08-AD6C-410C-A1E3-17D8A9638129}.Debug|Any CPU.Build.0 = Debug|Any CPU
		{B7AE5C08-AD6C-410C-A1E3-17D8A9638129}.Release|Any CPU.ActiveCfg = Release|Any CPU
		{B7AE5C08-AD6C-410C-A1E3-17D8A9638129}.Release|Any CPU.Build.0 = Release|Any CPU
		{D91D75AD-0EE0-42FE-A4D7-9130BD43998C}.Debug|Any CPU.ActiveCfg = Debug|Any CPU
		{D91D75AD-0EE0-42FE-A4D7-9130BD43998C}.Debug|Any CPU.Build.0 = Debug|Any CPU
		{D91D75AD-0EE0-42FE-A4D7-9130BD43998C}.Release|Any CPU.ActiveCfg = Release|Any CPU
		{D91D75AD-0EE0-42FE-A4D7-9130BD43998C}.Release|Any CPU.Build.0 = Release|Any CPU
		{D9D33DC4-91F1-46CC-9214-691D64993F24}.Debug|Any CPU.ActiveCfg = Debug|Any CPU
		{D9D33DC4-91F1-46CC-9214-691D64993F24}.Debug|Any CPU.Build.0 = Debug|Any CPU
		{D9D33DC4-91F1-46CC-9214-691D64993F24}.Release|Any CPU.ActiveCfg = Release|Any CPU
		{D9D33DC4-91F1-46CC-9214-691D64993F24}.Release|Any CPU.Build.0 = Release|Any CPU
		{E330E0DF-9A9D-42C5-8218-57DE3FEAEEA4}.Debug|Any CPU.ActiveCfg = Debug|Any CPU
		{E330E0DF-9A9D-42C5-8218-57DE3FEAEEA4}.Debug|Any CPU.Build.0 = Debug|Any CPU
		{E330E0DF-9A9D-42C5-8218-57DE3FEAEEA4}.Release|Any CPU.ActiveCfg = Release|Any CPU
		{E330E0DF-9A9D-42C5-8218-57DE3FEAEEA4}.Release|Any CPU.Build.0 = Release|Any CPU
		{0724A699-51E2-48A8-9AB2-8FECBFEC5FDE}.Debug|Any CPU.ActiveCfg = Debug|Any CPU
		{0724A699-51E2-48A8-9AB2-8FECBFEC5FDE}.Debug|Any CPU.Build.0 = Debug|Any CPU
		{0724A699-51E2-48A8-9AB2-8FECBFEC5FDE}.Release|Any CPU.ActiveCfg = Release|Any CPU
		{0724A699-51E2-48A8-9AB2-8FECBFEC5FDE}.Release|Any CPU.Build.0 = Release|Any CPU
	EndGlobalSection
	GlobalSection(SolutionProperties) = preSolution
		HideSolutionNode = FALSE
	EndGlobalSection
EndGlobal
