
Microsoft Visual Studio Solution File, Format Version 12.00
# Visual Studio 15
VisualStudioVersion = 15.0.26228.4
MinimumVisualStudioVersion = 10.0.40219.1
Project("{FAE04EC0-301F-11D3-BF4B-00C04F79EFBC}") = "BaoCMS.Web", "BaoCMS\BaoCMS.Web.csproj", "{4B8489A8-3A72-41EB-86A7-F986779F30F9}"
EndProject
Project("{E53339B2-1760-4266-BCC7-CA923CBCF16C}") = "docker-compose", "docker-compose.dcproj", "{068E1E58-43FD-4A8A-A862-5C0EEFE4FB5F}"
EndProject
Project("{2150E333-8FDC-42A3-9474-1A3956D46DE8}") = "1-Presentation", "1-Presentation", "{DCDC2E70-FE04-4ACE-8A7A-E40AECB3B5FE}"
EndProject
Project("{2150E333-8FDC-42A3-9474-1A3956D46DE8}") = "2-Application", "2-Application", "{6CCCDBA9-B3C8-4AF9-8BC8-349918C8DA97}"
EndProject
Project("{FAE04EC0-301F-11D3-BF4B-00C04F79EFBC}") = "BaoCMS.Application", "BaoCMS.Application\BaoCMS.Application.csproj", "{772041F5-89AF-498D-A030-3164F7C588C4}"
EndProject
Project("{FAE04EC0-301F-11D3-BF4B-00C04F79EFBC}") = "BaoCMS.Application.DTOs", "BaoCMS.Application.DTOs\BaoCMS.Application.DTOs.csproj", "{6948579A-FA20-491F-91C1-A5A19572E579}"
EndProject
Project("{FAE04EC0-301F-11D3-BF4B-00C04F79EFBC}") = "BaoCMS.Application.Interfaces", "BaoCMS.Application.Interfaces\BaoCMS.Application.Interfaces.csproj", "{7A626B24-AEE8-47DE-926C-5A9CC091D509}"
EndProject
Project("{2150E333-8FDC-42A3-9474-1A3956D46DE8}") = "3-Domain", "3-Domain", "{1CDEBCCA-1E95-4917-AA05-51C7A52DAF65}"
EndProject
Project("{2150E333-8FDC-42A3-9474-1A3956D46DE8}") = "4-Infrastructure", "4-Infrastructure", "{9AC413FF-1DF2-4E7D-B149-67EE30911808}"
EndProject
Project("{FAE04EC0-301F-11D3-BF4B-00C04F79EFBC}") = "BaoCMS.Repository", "BaoCMS.Repository\BaoCMS.Repository.csproj", "{348E20D9-011D-499B-93FA-6E7D50877C68}"
EndProject
Project("{9A19103F-16F7-4668-BE54-9A1E7A4F7556}") = "BaoCMS.Framework", "BaoCMS.Framework\BaoCMS.Framework.csproj", "{B7AE5C08-AD6C-410C-A1E3-17D8A9638129}"
EndProject
Project("{FAE04EC0-301F-11D3-BF4B-00C04F79EFBC}") = "BaoCMS.Reporting", "..\BaoCms.Reporting\BaoCMS.Reporting.csproj", "{3671E8B9-0465-4F89-A64F-62469D967EEC}"
EndProject
Project("{FAE04EC0-301F-11D3-BF4B-00C04F79EFBC}") = "BaoCMS.Domain", "BaoCMS.Domain\BaoCMS.Domain.csproj", "{D91D75AD-0EE0-42FE-A4D7-9130BD43998C}"
EndProject
Project("{FAE04EC0-301F-11D3-BF4B-00C04F79EFBC}") = "BaoCMS.Data", "BaoCMS.Data\BaoCMS.Data.csproj", "{D9D33DC4-91F1-46CC-9214-691D64993F24}"
EndProject
Global
	GlobalSection(SolutionConfigurationPlatforms) = preSolution
		Debug|Any CPU = Debug|Any CPU
		Release|Any CPU = Release|Any CPU
	EndGlobalSection
	GlobalSection(ProjectConfigurationPlatforms) = postSolution
		{4B8489A8-3A72-41EB-86A7-F986779F30F9}.Debug|Any CPU.ActiveCfg = Debug|Any CPU
		{4B8489A8-3A72-41EB-86A7-F986779F30F9}.Debug|Any CPU.Build.0 = Debug|Any CPU
		{4B8489A8-3A72-41EB-86A7-F986779F30F9}.Release|Any CPU.ActiveCfg = Release|Any CPU
		{4B8489A8-3A72-41EB-86A7-F986779F30F9}.Release|Any CPU.Build.0 = Release|Any CPU
		{068E1E58-43FD-4A8A-A862-5C0EEFE4FB5F}.Debug|Any CPU.ActiveCfg = Debug|Any CPU
		{068E1E58-43FD-4A8A-A862-5C0EEFE4FB5F}.Debug|Any CPU.Build.0 = Debug|Any CPU
		{068E1E58-43FD-4A8A-A862-5C0EEFE4FB5F}.Release|Any CPU.ActiveCfg = Release|Any CPU
		{068E1E58-43FD-4A8A-A862-5C0EEFE4FB5F}.Release|Any CPU.Build.0 = Release|Any CPU
		{772041F5-89AF-498D-A030-3164F7C588C4}.Debug|Any CPU.ActiveCfg = Debug|Any CPU
		{772041F5-89AF-498D-A030-3164F7C588C4}.Debug|Any CPU.Build.0 = Debug|Any CPU
		{772041F5-89AF-498D-A030-3164F7C588C4}.Release|Any CPU.ActiveCfg = Release|Any CPU
		{772041F5-89AF-498D-A030-3164F7C588C4}.Release|Any CPU.Build.0 = Release|Any CPU
		{6948579A-FA20-491F-91C1-A5A19572E579}.Debug|Any CPU.ActiveCfg = Debug|Any CPU
		{6948579A-FA20-491F-91C1-A5A19572E579}.Debug|Any CPU.Build.0 = Debug|Any CPU
		{6948579A-FA20-491F-91C1-A5A19572E579}.Release|Any CPU.ActiveCfg = Release|Any CPU
		{6948579A-FA20-491F-91C1-A5A19572E579}.Release|Any CPU.Build.0 = Release|Any CPU
		{7A626B24-AEE8-47DE-926C-5A9CC091D509}.Debug|Any CPU.ActiveCfg = Debug|Any CPU
		{7A626B24-AEE8-47DE-926C-5A9CC091D509}.Debug|Any CPU.Build.0 = Debug|Any CPU
		{7A626B24-AEE8-47DE-926C-5A9CC091D509}.Release|Any CPU.ActiveCfg = Release|Any CPU
		{7A626B24-AEE8-47DE-926C-5A9CC091D509}.Release|Any CPU.Build.0 = Release|Any CPU
		{348E20D9-011D-499B-93FA-6E7D50877C68}.Debug|Any CPU.ActiveCfg = Debug|Any CPU
		{348E20D9-011D-499B-93FA-6E7D50877C68}.Debug|Any CPU.Build.0 = Debug|Any CPU
		{348E20D9-011D-499B-93FA-6E7D50877C68}.Release|Any CPU.ActiveCfg = Release|Any CPU
		{348E20D9-011D-499B-93FA-6E7D50877C68}.Release|Any CPU.Build.0 = Release|Any CPU
		{B7AE5C08-AD6C-410C-A1E3-17D8A9638129}.Debug|Any CPU.ActiveCfg = Debug|Any CPU
		{B7AE5C08-AD6C-410C-A1E3-17D8A9638129}.Debug|Any CPU.Build.0 = Debug|Any CPU
		{B7AE5C08-AD6C-410C-A1E3-17D8A9638129}.Release|Any CPU.ActiveCfg = Release|Any CPU
		{B7AE5C08-AD6C-410C-A1E3-17D8A9638129}.Release|Any CPU.Build.0 = Release|Any CPU
		{3671E8B9-0465-4F89-A64F-62469D967EEC}.Debug|Any CPU.ActiveCfg = Debug|Any CPU
		{3671E8B9-0465-4F89-A64F-62469D967EEC}.Debug|Any CPU.Build.0 = Debug|Any CPU
		{3671E8B9-0465-4F89-A64F-62469D967EEC}.Release|Any CPU.ActiveCfg = Release|Any CPU
		{3671E8B9-0465-4F89-A64F-62469D967EEC}.Release|Any CPU.Build.0 = Release|Any CPU
		{D91D75AD-0EE0-42FE-A4D7-9130BD43998C}.Debug|Any CPU.ActiveCfg = Debug|Any CPU
		{D91D75AD-0EE0-42FE-A4D7-9130BD43998C}.Debug|Any CPU.Build.0 = Debug|Any CPU
		{D91D75AD-0EE0-42FE-A4D7-9130BD43998C}.Release|Any CPU.ActiveCfg = Release|Any CPU
		{D91D75AD-0EE0-42FE-A4D7-9130BD43998C}.Release|Any CPU.Build.0 = Release|Any CPU
		{D9D33DC4-91F1-46CC-9214-691D64993F24}.Debug|Any CPU.ActiveCfg = Debug|Any CPU
		{D9D33DC4-91F1-46CC-9214-691D64993F24}.Debug|Any CPU.Build.0 = Debug|Any CPU
		{D9D33DC4-91F1-46CC-9214-691D64993F24}.Release|Any CPU.ActiveCfg = Release|Any CPU
		{D9D33DC4-91F1-46CC-9214-691D64993F24}.Release|Any CPU.Build.0 = Release|Any CPU
	EndGlobalSection
	GlobalSection(SolutionProperties) = preSolution
		HideSolutionNode = FALSE
	EndGlobalSection
	GlobalSection(NestedProjects) = preSolution
		{4B8489A8-3A72-41EB-86A7-F986779F30F9} = {DCDC2E70-FE04-4ACE-8A7A-E40AECB3B5FE}
		{772041F5-89AF-498D-A030-3164F7C588C4} = {6CCCDBA9-B3C8-4AF9-8BC8-349918C8DA97}
		{6948579A-FA20-491F-91C1-A5A19572E579} = {6CCCDBA9-B3C8-4AF9-8BC8-349918C8DA97}
		{7A626B24-AEE8-47DE-926C-5A9CC091D509} = {6CCCDBA9-B3C8-4AF9-8BC8-349918C8DA97}
		{348E20D9-011D-499B-93FA-6E7D50877C68} = {9AC413FF-1DF2-4E7D-B149-67EE30911808}
		{B7AE5C08-AD6C-410C-A1E3-17D8A9638129} = {9AC413FF-1DF2-4E7D-B149-67EE30911808}
		{3671E8B9-0465-4F89-A64F-62469D967EEC} = {1CDEBCCA-1E95-4917-AA05-51C7A52DAF65}
		{D91D75AD-0EE0-42FE-A4D7-9130BD43998C} = {1CDEBCCA-1E95-4917-AA05-51C7A52DAF65}
		{D9D33DC4-91F1-46CC-9214-691D64993F24} = {1CDEBCCA-1E95-4917-AA05-51C7A52DAF65}
	EndGlobalSection
EndGlobal
