
Microsoft Visual Studio Solution File, Format Version 12.00
# Visual Studio 15
VisualStudioVersion = 15.0.26228.4
MinimumVisualStudioVersion = 10.0.40219.1
Project("{FAE04EC0-301F-11D3-BF4B-00C04F79EFBC}") = "BaoCMS", "BaoCMS\BaoCMS.csproj", "{4B8489A8-3A72-41EB-86A7-F986779F30F9}"
EndProject
Project("{E53339B2-1760-4266-BCC7-CA923CBCF16C}") = "docker-compose", "docker-compose.dcproj", "{068E1E58-43FD-4A8A-A862-5C0EEFE4FB5F}"
EndProject
Global
	GlobalSection(SolutionConfigurationPlatforms) = preSolution
		Debug|Any CPU = Debug|Any CPU
		Release|Any CPU = Release|Any CPU
	EndGlobalSection
	GlobalSection(ProjectConfigurationPlatforms) = postSolution
		{4B8489A8-3A72-41EB-86A7-F986779F30F9}.Debug|Any CPU.ActiveCfg = Debug|Any CPU
		{4B8489A8-3A72-41EB-86A7-F986779F30F9}.Debug|Any CPU.Build.0 = Debug|Any CPU
		{4B8489A8-3A72-41EB-86A7-F986779F30F9}.Release|Any CPU.ActiveCfg = Release|Any CPU
		{4B8489A8-3A72-41EB-86A7-F986779F30F9}.Release|Any CPU.Build.0 = Release|Any CPU
		{068E1E58-43FD-4A8A-A862-5C0EEFE4FB5F}.Debug|Any CPU.ActiveCfg = Debug|Any CPU
		{068E1E58-43FD-4A8A-A862-5C0EEFE4FB5F}.Debug|Any CPU.Build.0 = Debug|Any CPU
		{068E1E58-43FD-4A8A-A862-5C0EEFE4FB5F}.Release|Any CPU.ActiveCfg = Release|Any CPU
		{068E1E58-43FD-4A8A-A862-5C0EEFE4FB5F}.Release|Any CPU.Build.0 = Release|Any CPU
	EndGlobalSection
	GlobalSection(SolutionProperties) = preSolution
		HideSolutionNode = FALSE
	EndGlobalSection
EndGlobal
